<?xml version="1.0" encoding="utf-8"?>
<Project ToolsVersion="4.0" xmlns="http://schemas.microsoft.com/developer/msbuild/2003">
  <ItemGroup>
    <Filter Include="Resources">
      <UniqueIdentifier>{7056dae3-3593-4941-8e3c-e104a8092402}</UniqueIdentifier>
      <Extensions>grc;rc2</Extensions>
    </Filter>
    <Filter Include="Resources\Images">
      <UniqueIdentifier>{7056dae3-3593-4941-8e3c-e104a8092402}</UniqueIdentifier>
      <Extensions>png;svg</Extensions>
    </Filter>
    <Filter Include="Src">
      <UniqueIdentifier>{de7d7a13-a071-41e4-8f04-7d1691f7ec83}</UniqueIdentifier>
      <Extensions>cpp;c;cxx</Extensions>
    </Filter>
    <Filter Include="Src\Headers">
      <UniqueIdentifier>{b32da348-770f-41d8-85c9-903e1cc415c5}</UniqueIdentifier>
      <Extensions>h;hpp;hxx</Extensions>
    </Filter>
    <Filter Include="Libraries">
      <UniqueIdentifier>{42902bf0-12fb-4ecb-a6fa-d9d2cf0ceeb9}</UniqueIdentifier>
      <Extensions>lib</Extensions>
    </Filter>
    <Filter Include="Src\Types">
      <UniqueIdentifier>{ec3a1173-c6fe-488a-9a04-894006dd933c}</UniqueIdentifier>
    </Filter>
    <Filter Include="Src\Dialogs">
      <UniqueIdentifier>{526be2ff-9829-48aa-a1ff-06cc20e85958}</UniqueIdentifier>
    </Filter>
    <Filter Include="Src\Other">
      <UniqueIdentifier>{f888d6e5-e013-43d7-82a2-d7712d2265d6}</UniqueIdentifier>
    </Filter>
    <Filter Include="Src\Dialogs\Headers">
      <UniqueIdentifier>{1ae95c73-a9ec-4bea-87f6-d509b17aab82}</UniqueIdentifier>
    </Filter>
  </ItemGroup>
  <ItemGroup>
    <ClCompile Include="Src\$(ProjectName).c">
      <Filter>Src</Filter>
    </ClCompile>
    <ClCompile Include="Src\APICommon.c">
      <Filter>Src</Filter>
    </ClCompile>
    <ClCompile Include="Src\PogoElementsList.cpp">
      <Filter>Src\Types</Filter>
    </ClCompile>
    <ClCompile Include="Src\PogoCategoriesList.cpp">
      <Filter>Src\Types</Filter>
    </ClCompile>
    <ClCompile Include="Src\PogoSectionsList.cpp">
      <Filter>Src\Types</Filter>
    </ClCompile>
    <ClCompile Include="Src\PogoItemsList.cpp">
      <Filter>Src\Types</Filter>
    </ClCompile>
    <ClCompile Include="Src\dlgPogoData.cpp">
      <Filter>Src\Dialogs</Filter>
    </ClCompile>
    <ClCompile Include="Src\dlgPogoItemSelect.cpp">
      <Filter>Src\Dialogs</Filter>
    </ClCompile>
    <ClCompile Include="Src\dlgPogoQtyFormula.cpp">
      <Filter>Src\Dialogs</Filter>
    </ClCompile>
    <ClCompile Include="Src\dlgPogoSettings.cpp">
      <Filter>Src\Dialogs</Filter>
    </ClCompile>
    <ClCompile Include="Src\ShowMessage.cpp">
      <Filter>Src\Dialogs</Filter>
    </ClCompile>
    <ClCompile Include="src\PogoElementWithData.cpp">
      <Filter>Src\Other</Filter>
    </ClCompile>
    <ClCompile Include="Src\PogoHttpClient.cpp">
      <Filter>Src\Other</Filter>
    </ClCompile>
    <ClCompile Include="Src\PogoPalette.cpp">
      <Filter>Src\Dialogs</Filter>
    </ClCompile>
    <ClCompile Include="Src\PogoSettings.cpp">
      <Filter>Src\Other</Filter>
    </ClCompile>
    <ClCompile Include="Src\PogoQtiesList.cpp">
      <Filter>Src\Types</Filter>
    </ClCompile>
    <ClCompile Include="Src\CMathParser.cpp">
      <Filter>Src</Filter>
    </ClCompile>
  </ItemGroup>
  <ItemGroup>
    <ClInclude Include="Src\PogoTypes.h">
      <Filter>Src\Headers</Filter>
    </ClInclude>
    <ClInclude Include="Src\PogoElementsList.hpp">
      <Filter>Src\Headers</Filter>
    </ClInclude>
    <ClInclude Include="Src\PogoHttpClient.hpp">
      <Filter>Src\Headers</Filter>
    </ClInclude>
    <ClInclude Include="src\PogoElementWithData.hpp">
      <Filter>Src\Headers</Filter>
    </ClInclude>
    <ClInclude Include="Src\PogoCategory.hpp">
      <Filter>Src\Headers</Filter>
    </ClInclude>
    <ClInclude Include="Src\PogoCategoriesList.hpp">
      <Filter>Src\Headers</Filter>
    </ClInclude>
    <ClInclude Include="Src\PogoSectionsList.hpp">
      <Filter>Src\Headers</Filter>
    </ClInclude>
    <ClInclude Include="Src\PogoSection.hpp">
      <Filter>Src\Headers</Filter>
    </ClInclude>
    <ClInclude Include="Src\PogoItemsList.hpp">
      <Filter>Src\Headers</Filter>
    </ClInclude>
    <ClInclude Include="Src\PogoItem.hpp">
      <Filter>Src\Headers</Filter>
    </ClInclude>
    <ClInclude Include="Src\PogoSettings.hpp">
      <Filter>Src\Headers</Filter>
    </ClInclude>
    <ClInclude Include="Src\dlgPogoData.hpp">
      <Filter>Src\Dialogs\Headers</Filter>
    </ClInclude>
    <ClInclude Include="Src\dlgPogoItemSelect.hpp">
      <Filter>Src\Dialogs\Headers</Filter>
    </ClInclude>
    <ClInclude Include="Src\dlgPogoQtyFormula.hpp">
      <Filter>Src\Dialogs\Headers</Filter>
    </ClInclude>
    <ClInclude Include="Src\APICommon.h">
      <Filter>Src</Filter>
    </ClInclude>
    <ClInclude Include="Src\APIEnvir.h">
      <Filter>Src</Filter>
    </ClInclude>
    <ClInclude Include="Src\ResourceIDs.h">
      <Filter>Src</Filter>
    </ClInclude>
    <ClInclude Include="Src\dlgPogoSettings.hpp">
      <Filter>Src\Dialogs\Headers</Filter>
    </ClInclude>
    <ClInclude Include="Src\ShowMessage.hpp">
      <Filter>Src\Dialogs\Headers</Filter>
    </ClInclude>
    <ClInclude Include="Src\PogoPalette.h">
      <Filter>Src\Dialogs\Headers</Filter>
    </ClInclude>
    <ClInclude Include="Src\PogoQtiesList.hpp">
      <Filter>Src\Headers</Filter>
    </ClInclude>
    <ClInclude Include="Src\CMathParser.h">
      <Filter>Src</Filter>
    </ClInclude>
  </ItemGroup>
  <ItemGroup>
    <Library Include="..\..\..\Support\Modules\DGLib\Win\DGImp.lib">
      <Filter>Libraries</Filter>
    </Library>
    <Library Include="..\..\..\Support\Modules\GSRoot\Win\GSRootImp.lib">
      <Filter>Libraries</Filter>
    </Library>
    <Library Include="..\..\..\Support\Modules\GSUtils\Win\GSUtilsImp.lib">
      <Filter>Libraries</Filter>
    </Library>
    <Library Include="..\..\..\Support\Modules\InputOutput\Win\InputOutputImp.lib">
      <Filter>Libraries</Filter>
    </Library>
    <Library Include="..\..\..\Support\Modules\UCLib\Win\UCImp.lib">
      <Filter>Libraries</Filter>
    </Library>
    <Library Include="..\..\..\Support\Modules\UDLib\Win\UDImp.lib">
      <Filter>Libraries</Filter>
    </Library>
    <Library Include="..\..\..\Support\Modules\TextEngine\Win\TextEngineImp.LIB">
      <Filter>Libraries</Filter>
    </Library>
    <Library Include="..\..\..\Support\Modules\ObjectDatabase\Win\ObjectDatabaseImp.LIB">
      <Filter>Libraries</Filter>
    </Library>
    <Library Include="..\..\..\Support\Modules\VectorImage\Win\VectorImageImp.LIB">
      <Filter>Libraries</Filter>
    </Library>
    <Library Include="..\..\..\Support\Modules\RS\Win\RSImp.LIB">
      <Filter>Libraries</Filter>
    </Library>
    <Library Include="..\..\..\Support\Lib\Win\ACAP_STATD.lib">
      <Filter>Libraries</Filter>
    </Library>
    <Library Include="..\..\..\Support\Modules\HTTP\Win\HTTPImp.LIB">
      <Filter>Libraries</Filter>
    </Library>
    <Library Include="..\..\..\Support\Modules\SecureCommunication\Win\SecureCommunicationImp.LIB">
      <Filter>Libraries</Filter>
    </Library>
    <Library Include="..\..\..\Support\Modules\GSXML\Win\GSXMLImp.LIB">
      <Filter>Libraries</Filter>
    </Library>
    <Library Include="..\..\..\Support\Modules\GSXMLUtils\Win\GSXMLUtilsImp.LIB">
      <Filter>Libraries</Filter>
    </Library>
    <Library Include="..\..\..\Support\Modules\DGGraphix\Win\DGGraphixImp.LIB">
      <Filter>Libraries</Filter>
    </Library>
    <Library Include="..\..\..\Support\Modules\Graphix\Win\GraphixImp.LIB">
      <Filter>Libraries</Filter>
    </Library>
  </ItemGroup>
  <ItemGroup>
    <CustomBuild Include="RINT\$(ProjectName).grc">
      <Filter>Resources</Filter>
    </CustomBuild>
    <CustomBuild Include="RFIX\$(ProjectName)Fix.grc">
      <Filter>Resources</Filter>
    </CustomBuild>
    <CustomBuild Include="RFIX.WIN\$(ProjectName).rc2">
      <Filter>Resources</Filter>
    </CustomBuild>
  </ItemGroup>
  <ItemGroup>
    <None Include="RFIX\Images\MenuIcon_18x18.svg">
      <Filter>Resources\Images</Filter>
    </None>
  </ItemGroup>
</Project>